
Microsoft Visual Studio Solution File, Format Version 12.00
# Visual Studio Version 16
VisualStudioVersion = 16.0.30503.244
MinimumVisualStudioVersion = 10.0.40219.1
Project("{F184B08F-C81C-45F6-A57F-5ABD9991F28F}") = "MHRechnung", "MHRechnung\MHRechnung.vbproj", "{44E4738C-8CA8-4DD2-9FA6-98A67EA9D472}"
EndProject
Global
	GlobalSection(SolutionConfigurationPlatforms) = preSolution
		Debug|Any CPU = Debug|Any CPU
		Release|Any CPU = Release|Any CPU
	EndGlobalSection
	GlobalSection(ProjectConfigurationPlatforms) = postSolution
		{44E4738C-8CA8-4DD2-9FA6-98A67EA9D472}.Debug|Any CPU.ActiveCfg = Debug|Any CPU
		{44E4738C-8CA8-4DD2-9FA6-98A67EA9D472}.Debug|Any CPU.Build.0 = Debug|Any CPU
		{44E4738C-8CA8-4DD2-9FA6-98A67EA9D472}.Release|Any CPU.ActiveCfg = Release|Any CPU
		{44E4738C-8CA8-4DD2-9FA6-98A67EA9D472}.Release|Any CPU.Build.0 = Release|Any CPU
	EndGlobalSection
	GlobalSection(SolutionProperties) = preSolution
		HideSolutionNode = FALSE
	EndGlobalSection
	GlobalSection(ExtensibilityGlobals) = postSolution
		SolutionGuid = {027AA7E2-2F5D-46BF-9BFC-6CF0C3BD56D1}
	EndGlobalSection
EndGlobal
